
Microsoft Visual Studio Solution File, Format Version 12.00
# Visual Studio Version 17
VisualStudioVersion = 17.0.31919.166
MinimumVisualStudioVersion = 10.0.40219.1
Project("{FAE04EC0-301F-11D3-BF4B-00C04F79EFBC}") = "Vježba klase i objekti - ponavljanje", "Vježba klase i objekti - ponavljanje.csproj", "{CD38EA53-1D0C-4F83-8FE7-FBB1496C98C2}"
EndProject
Global
	GlobalSection(SolutionConfigurationPlatforms) = preSolution
		Debug|Any CPU = Debug|Any CPU
		Release|Any CPU = Release|Any CPU
	EndGlobalSection
	GlobalSection(ProjectConfigurationPlatforms) = postSolution
		{CD38EA53-1D0C-4F83-8FE7-FBB1496C98C2}.Debug|Any CPU.ActiveCfg = Debug|Any CPU
		{CD38EA53-1D0C-4F83-8FE7-FBB1496C98C2}.Debug|Any CPU.Build.0 = Debug|Any CPU
		{CD38EA53-1D0C-4F83-8FE7-FBB1496C98C2}.Release|Any CPU.ActiveCfg = Release|Any CPU
		{CD38EA53-1D0C-4F83-8FE7-FBB1496C98C2}.Release|Any CPU.Build.0 = Release|Any CPU
	EndGlobalSection
	GlobalSection(SolutionProperties) = preSolution
		HideSolutionNode = FALSE
	EndGlobalSection
	GlobalSection(ExtensibilityGlobals) = postSolution
		SolutionGuid = {AB81B0D8-D347-4D06-A502-7A9ED4D44E52}
	EndGlobalSection
EndGlobal
